
Microsoft Visual Studio Solution File, Format Version 12.00
# Visual Studio Version 16
VisualStudioVersion = 16.0.30011.22
MinimumVisualStudioVersion = 10.0.40219.1
Project("{FAE04EC0-301F-11D3-BF4B-00C04F79EFBC}") = "UI", "UI\UI.csproj", "{6851D22A-FC2E-4A45-8CF2-CB1755FE7303}"
EndProject
Project("{FAE04EC0-301F-11D3-BF4B-00C04F79EFBC}") = "BE", "BE\BE.csproj", "{E6CB6C5A-6027-4B3A-92D1-6FDBCB0E3F8E}"
EndProject
Project("{FAE04EC0-301F-11D3-BF4B-00C04F79EFBC}") = "DAL", "DAL\DAL.csproj", "{51CC3297-C82E-420B-814B-9732A3767B17}"
EndProject
Project("{FAE04EC0-301F-11D3-BF4B-00C04F79EFBC}") = "Servicios", "Servicios\Servicios.csproj", "{1E39D532-8728-4B44-B212-BA19E9E230CD}"
EndProject
Project("{FAE04EC0-301F-11D3-BF4B-00C04F79EFBC}") = "BLL", "BLL\BLL.csproj", "{5DAB532C-7AFE-40E2-A3A0-ED9484336ACB}"
EndProject
Global
	GlobalSection(SolutionConfigurationPlatforms) = preSolution
		Debug|Any CPU = Debug|Any CPU
		Release|Any CPU = Release|Any CPU
	EndGlobalSection
	GlobalSection(ProjectConfigurationPlatforms) = postSolution
		{6851D22A-FC2E-4A45-8CF2-CB1755FE7303}.Debug|Any CPU.ActiveCfg = Debug|Any CPU
		{6851D22A-FC2E-4A45-8CF2-CB1755FE7303}.Debug|Any CPU.Build.0 = Debug|Any CPU
		{6851D22A-FC2E-4A45-8CF2-CB1755FE7303}.Release|Any CPU.ActiveCfg = Release|Any CPU
		{6851D22A-FC2E-4A45-8CF2-CB1755FE7303}.Release|Any CPU.Build.0 = Release|Any CPU
		{E6CB6C5A-6027-4B3A-92D1-6FDBCB0E3F8E}.Debug|Any CPU.ActiveCfg = Debug|Any CPU
		{E6CB6C5A-6027-4B3A-92D1-6FDBCB0E3F8E}.Debug|Any CPU.Build.0 = Debug|Any CPU
		{E6CB6C5A-6027-4B3A-92D1-6FDBCB0E3F8E}.Release|Any CPU.ActiveCfg = Release|Any CPU
		{E6CB6C5A-6027-4B3A-92D1-6FDBCB0E3F8E}.Release|Any CPU.Build.0 = Release|Any CPU
		{51CC3297-C82E-420B-814B-9732A3767B17}.Debug|Any CPU.ActiveCfg = Debug|Any CPU
		{51CC3297-C82E-420B-814B-9732A3767B17}.Debug|Any CPU.Build.0 = Debug|Any CPU
		{51CC3297-C82E-420B-814B-9732A3767B17}.Release|Any CPU.ActiveCfg = Release|Any CPU
		{51CC3297-C82E-420B-814B-9732A3767B17}.Release|Any CPU.Build.0 = Release|Any CPU
		{1E39D532-8728-4B44-B212-BA19E9E230CD}.Debug|Any CPU.ActiveCfg = Debug|Any CPU
		{1E39D532-8728-4B44-B212-BA19E9E230CD}.Debug|Any CPU.Build.0 = Debug|Any CPU
		{1E39D532-8728-4B44-B212-BA19E9E230CD}.Release|Any CPU.ActiveCfg = Release|Any CPU
		{1E39D532-8728-4B44-B212-BA19E9E230CD}.Release|Any CPU.Build.0 = Release|Any CPU
		{5DAB532C-7AFE-40E2-A3A0-ED9484336ACB}.Debug|Any CPU.ActiveCfg = Debug|Any CPU
		{5DAB532C-7AFE-40E2-A3A0-ED9484336ACB}.Debug|Any CPU.Build.0 = Debug|Any CPU
		{5DAB532C-7AFE-40E2-A3A0-ED9484336ACB}.Release|Any CPU.ActiveCfg = Release|Any CPU
		{5DAB532C-7AFE-40E2-A3A0-ED9484336ACB}.Release|Any CPU.Build.0 = Release|Any CPU
	EndGlobalSection
	GlobalSection(SolutionProperties) = preSolution
		HideSolutionNode = FALSE
	EndGlobalSection
	GlobalSection(ExtensibilityGlobals) = postSolution
		SolutionGuid = {719FCA1B-5D48-452C-953D-A8A75551CFB3}
	EndGlobalSection
EndGlobal
